// !$*UTF8*$!
{
	archiveVersion = 1;
	classes = {
	};
	objectVersion = 56;
	objects = {

/* Begin PBXBuildFile section */
		8448ECB62C38F9F900A8F4C7 /* AppDelegate.swift in Sources */ = {isa = PBXBuildFile; fileRef = 8448ECB52C38F9F900A8F4C7 /* AppDelegate.swift */; };
		8448ECB82C38F9F900A8F4C7 /* SceneDelegate.swift in Sources */ = {isa = PBXBuildFile; fileRef = 8448ECB72C38F9F900A8F4C7 /* SceneDelegate.swift */; };
		8448ECBA2C38F9F900A8F4C7 /* ViewController.swift in Sources */ = {isa = PBXBuildFile; fileRef = 8448ECB92C38F9F900A8F4C7 /* ViewController.swift */; };
		8448ECBD2C38F9F900A8F4C7 /* Base in Resources */ = {isa = PBXBuildFile; fileRef = 8448ECBC2C38F9F900A8F4C7 /* Base */; };
		8448ECBF2C38F9FB00A8F4C7 /* Assets.xcassets in Resources */ = {isa = PBXBuildFile; fileRef = 8448ECBE2C38F9FB00A8F4C7 /* Assets.xcassets */; };
		8448ECC22C38F9FB00A8F4C7 /* Base in Resources */ = {isa = PBXBuildFile; fileRef = 8448ECC12C38F9FB00A8F4C7 /* Base */; };
/* End PBXBuildFile section */

/* Begin PBXContainerItemProxy section */
		8448ECC92C38F9FB00A8F4C7 /* PBXContainerItemProxy */ = {
			isa = PBXContainerItemProxy;
			containerPortal = 8448ECAA2C38F9F900A8F4C7 /* Project object */;
			proxyType = 1;
			remoteGlobalIDString = 8448ECB12C38F9F900A8F4C7;
			remoteInfo = VnPay_Challenge;
		};
		8448ECD32C38F9FB00A8F4C7 /* PBXContainerItemProxy */ = {
			isa = PBXContainerItemProxy;
			containerPortal = 8448ECAA2C38F9F900A8F4C7 /* Project object */;
			proxyType = 1;
			remoteGlobalIDString = 8448ECB12C38F9F900A8F4C7;
			remoteInfo = VnPay_Challenge;
		};
/* End PBXContainerItemProxy section */

/* Begin PBXFileReference section */
		8448ECB22C38F9F900A8F4C7 /* VnPay_Challenge.app */ = {isa = PBXFileReference; explicitFileType = wrapper.application; includeInIndex = 0; path = VnPay_Challenge.app; sourceTree = BUILT_PRODUCTS_DIR; };
		8448ECB52C38F9F900A8F4C7 /* AppDelegate.swift */ = {isa = PBXFileReference; lastKnownFileType = sourcecode.swift; path = AppDelegate.swift; sourceTree = "<group>"; };
		8448ECB72C38F9F900A8F4C7 /* SceneDelegate.swift */ = {isa = PBXFileReference; lastKnownFileType = sourcecode.swift; path = SceneDelegate.swift; sourceTree = "<group>"; };
		8448ECB92C38F9F900A8F4C7 /* ViewController.swift */ = {isa = PBXFileReference; lastKnownFileType = sourcecode.swift; path = ViewController.swift; sourceTree = "<group>"; };
		8448ECBC2C38F9F900A8F4C7 /* Base */ = {isa = PBXFileReference; lastKnownFileType = file.storyboard; name = Base; path = Base.lproj/Main.storyboard; sourceTree = "<group>"; };
		8448ECBE2C38F9FB00A8F4C7 /* Assets.xcassets */ = {isa = PBXFileReference; lastKnownFileType = folder.assetcatalog; path = Assets.xcassets; sourceTree = "<group>"; };
		8448ECC12C38F9FB00A8F4C7 /* Base */ = {isa = PBXFileReference; lastKnownFileType = file.storyboard; name = Base; path = Base.lproj/LaunchScreen.storyboard; sourceTree = "<group>"; };
		8448ECC32C38F9FB00A8F4C7 /* Info.plist */ = {isa = PBXFileReference; lastKnownFileType = text.plist.xml; path = Info.plist; sourceTree = "<group>"; };
		8448ECC82C38F9FB00A8F4C7 /* VnPay_ChallengeTests.xctest */ = {isa = PBXFileReference; explicitFileType = wrapper.cfbundle; includeInIndex = 0; path = VnPay_ChallengeTests.xctest; sourceTree = BUILT_PRODUCTS_DIR; };
		8448ECD22C38F9FB00A8F4C7 /* VnPay_ChallengeUITests.xctest */ = {isa = PBXFileReference; explicitFileType = wrapper.cfbundle; includeInIndex = 0; path = VnPay_ChallengeUITests.xctest; sourceTree = BUILT_PRODUCTS_DIR; };
/* End PBXFileReference section */

/* Begin PBXFrameworksBuildPhase section */
		8448ECAF2C38F9F900A8F4C7 /* Frameworks */ = {
			isa = PBXFrameworksBuildPhase;
			buildActionMask = 2147483647;
			files = (
			);
			runOnlyForDeploymentPostprocessing = 0;
		};
		8448ECC52C38F9FB00A8F4C7 /* Frameworks */ = {
			isa = PBXFrameworksBuildPhase;
			buildActionMask = 2147483647;
			files = (
			);
			runOnlyForDeploymentPostprocessing = 0;
		};
		8448ECCF2C38F9FB00A8F4C7 /* Frameworks */ = {
			isa = PBXFrameworksBuildPhase;
			buildActionMask = 2147483647;
			files = (
			);
			runOnlyForDeploymentPostprocessing = 0;
		};
/* End PBXFrameworksBuildPhase section */

/* Begin PBXGroup section */
		8448ECA92C38F9F900A8F4C7 = {
			isa = PBXGroup;
			children = (
				8448ECB42C38F9F900A8F4C7 /* VnPay_Challenge */,
				8448ECB32C38F9F900A8F4C7 /* Products */,
			);
			sourceTree = "<group>";
		};
		8448ECB32C38F9F900A8F4C7 /* Products */ = {
			isa = PBXGroup;
			children = (
				8448ECB22C38F9F900A8F4C7 /* VnPay_Challenge.app */,
				8448ECC82C38F9FB00A8F4C7 /* VnPay_ChallengeTests.xctest */,
				8448ECD22C38F9FB00A8F4C7 /* VnPay_ChallengeUITests.xctest */,
			);
			name = Products;
			sourceTree = "<group>";
		};
		8448ECB42C38F9F900A8F4C7 /* VnPay_Challenge */ = {
			isa = PBXGroup;
			children = (
				8448ECB52C38F9F900A8F4C7 /* AppDelegate.swift */,
				8448ECB72C38F9F900A8F4C7 /* SceneDelegate.swift */,
				8448ECB92C38F9F900A8F4C7 /* ViewController.swift */,
				8448ECBB2C38F9F900A8F4C7 /* Main.storyboard */,
				8448ECBE2C38F9FB00A8F4C7 /* Assets.xcassets */,
				8448ECC02C38F9FB00A8F4C7 /* LaunchScreen.storyboard */,
				8448ECC32C38F9FB00A8F4C7 /* Info.plist */,
			);
			path = VnPay_Challenge;
			sourceTree = "<group>";
		};
/* End PBXGroup section */

/* Begin PBXNativeTarget section */
		8448ECB12C38F9F900A8F4C7 /* VnPay_Challenge */ = {
			isa = PBXNativeTarget;
			buildConfigurationList = 8448ECDC2C38F9FB00A8F4C7 /* Build configuration list for PBXNativeTarget "VnPay_Challenge" */;
			buildPhases = (
				8448ECAE2C38F9F900A8F4C7 /* Sources */,
				8448ECAF2C38F9F900A8F4C7 /* Frameworks */,
				8448ECB02C38F9F900A8F4C7 /* Resources */,
			);
			buildRules = (
			);
			dependencies = (
			);
			name = VnPay_Challenge;
			productName = VnPay_Challenge;
			productReference = 8448ECB22C38F9F900A8F4C7 /* VnPay_Challenge.app */;
			productType = "com.apple.product-type.application";
		};
		8448ECC72C38F9FB00A8F4C7 /* VnPay_ChallengeTests */ = {
			isa = PBXNativeTarget;
			buildConfigurationList = 8448ECDF2C38F9FB00A8F4C7 /* Build configuration list for PBXNativeTarget "VnPay_ChallengeTests" */;
			buildPhases = (
				8448ECC42C38F9FB00A8F4C7 /* Sources */,
				8448ECC52C38F9FB00A8F4C7 /* Frameworks */,
				8448ECC62C38F9FB00A8F4C7 /* Resources */,
			);
			buildRules = (
			);
			dependencies = (
				8448ECCA2C38F9FB00A8F4C7 /* PBXTargetDependency */,
			);
			name = VnPay_ChallengeTests;
			productName = VnPay_ChallengeTests;
			productReference = 8448ECC82C38F9FB00A8F4C7 /* VnPay_ChallengeTests.xctest */;
			productType = "com.apple.product-type.bundle.unit-test";
		};
		8448ECD12C38F9FB00A8F4C7 /* VnPay_ChallengeUITests */ = {
			isa = PBXNativeTarget;
			buildConfigurationList = 8448ECE22C38F9FB00A8F4C7 /* Build configuration list for PBXNativeTarget "VnPay_ChallengeUITests" */;
			buildPhases = (
				8448ECCE2C38F9FB00A8F4C7 /* Sources */,
				8448ECCF2C38F9FB00A8F4C7 /* Frameworks */,
				8448ECD02C38F9FB00A8F4C7 /* Resources */,
			);
			buildRules = (
			);
			dependencies = (
				8448ECD42C38F9FB00A8F4C7 /* PBXTargetDependency */,
			);
			name = VnPay_ChallengeUITests;
			productName = VnPay_ChallengeUITests;
			productReference = 8448ECD22C38F9FB00A8F4C7 /* VnPay_ChallengeUITests.xctest */;
			productType = "com.apple.product-type.bundle.ui-testing";
		};
/* End PBXNativeTarget section */

/* Begin PBXProject section */
		8448ECAA2C38F9F900A8F4C7 /* Project object */ = {
			isa = PBXProject;
			attributes = {
				BuildIndependentTargetsInParallel = 1;
				LastSwiftUpdateCheck = 1540;
				LastUpgradeCheck = 1540;
				TargetAttributes = {
					8448ECB12C38F9F900A8F4C7 = {
						CreatedOnToolsVersion = 15.4;
					};
					8448ECC72C38F9FB00A8F4C7 = {
						CreatedOnToolsVersion = 15.4;
						TestTargetID = 8448ECB12C38F9F900A8F4C7;
					};
					8448ECD12C38F9FB00A8F4C7 = {
						CreatedOnToolsVersion = 15.4;
						TestTargetID = 8448ECB12C38F9F900A8F4C7;
					};
				};
			};
			buildConfigurationList = 8448ECAD2C38F9F900A8F4C7 /* Build configuration list for PBXProject "VnPay_Challenge" */;
			compatibilityVersion = "Xcode 14.0";
			developmentRegion = en;
			hasScannedForEncodings = 0;
			knownRegions = (
				en,
				Base,
			);
			mainGroup = 8448ECA92C38F9F900A8F4C7;
			productRefGroup = 8448ECB32C38F9F900A8F4C7 /* Products */;
			projectDirPath = "";
			projectRoot = "";
			targets = (
				8448ECB12C38F9F900A8F4C7 /* VnPay_Challenge */,
				8448ECC72C38F9FB00A8F4C7 /* VnPay_ChallengeTests */,
				8448ECD12C38F9FB00A8F4C7 /* VnPay_ChallengeUITests */,
			);
		};
/* End PBXProject section */

/* Begin PBXResourcesBuildPhase section */
		8448ECB02C38F9F900A8F4C7 /* Resources */ = {
			isa = PBXResourcesBuildPhase;
			buildActionMask = 2147483647;
			files = (
				8448ECBF2C38F9FB00A8F4C7 /* Assets.xcassets in Resources */,
				8448ECC22C38F9FB00A8F4C7 /* Base in Resources */,
				8448ECBD2C38F9F900A8F4C7 /* Base in Resources */,
			);
			runOnlyForDeploymentPostprocessing = 0;
		};
		8448ECC62C38F9FB00A8F4C7 /* Resources */ = {
			isa = PBXResourcesBuildPhase;
			buildActionMask = 2147483647;
			files = (
			);
			runOnlyForDeploymentPostprocessing = 0;
		};
		8448ECD02C38F9FB00A8F4C7 /* Resources */ = {
			isa = PBXResourcesBuildPhase;
			buildActionMask = 2147483647;
			files = (
			);
			runOnlyForDeploymentPostprocessing = 0;
		};
/* End PBXResourcesBuildPhase section */

/* Begin PBXSourcesBuildPhase section */
		8448ECAE2C38F9F900A8F4C7 /* Sources */ = {
			isa = PBXSourcesBuildPhase;
			buildActionMask = 2147483647;
			files = (
				8448ECBA2C38F9F900A8F4C7 /* ViewController.swift in Sources */,
				8448ECB62C38F9F900A8F4C7 /* AppDelegate.swift in Sources */,
				8448ECB82C38F9F900A8F4C7 /* SceneDelegate.swift in Sources */,
			);
			runOnlyForDeploymentPostprocessing = 0;
		};
		8448ECC42C38F9FB00A8F4C7 /* Sources */ = {
			isa = PBXSourcesBuildPhase;
			buildActionMask = 2147483647;
			files = (
			);
			runOnlyForDeploymentPostprocessing = 0;
		};
		8448ECCE2C38F9FB00A8F4C7 /* Sources */ = {
			isa = PBXSourcesBuildPhase;
			buildActionMask = 2147483647;
			files = (
			);
			runOnlyForDeploymentPostprocessing = 0;
		};
/* End PBXSourcesBuildPhase section */

/* Begin PBXTargetDependency section */
		8448ECCA2C38F9FB00A8F4C7 /* PBXTargetDependency */ = {
			isa = PBXTargetDependency;
			target = 8448ECB12C38F9F900A8F4C7 /* VnPay_Challenge */;
			targetProxy = 8448ECC92C38F9FB00A8F4C7 /* PBXContainerItemProxy */;
		};
		8448ECD42C38F9FB00A8F4C7 /* PBXTargetDependency */ = {
			isa = PBXTargetDependency;
			target = 8448ECB12C38F9F900A8F4C7 /* VnPay_Challenge */;
			targetProxy = 8448ECD32C38F9FB00A8F4C7 /* PBXContainerItemProxy */;
		};
/* End PBXTargetDependency section */

/* Begin PBXVariantGroup section */
		8448ECBB2C38F9F900A8F4C7 /* Main.storyboard */ = {
			isa = PBXVariantGroup;
			children = (
				8448ECBC2C38F9F900A8F4C7 /* Base */,
			);
			name = Main.storyboard;
			sourceTree = "<group>";
		};
		8448ECC02C38F9FB00A8F4C7 /* LaunchScreen.storyboard */ = {
			isa = PBXVariantGroup;
			children = (
				8448ECC12C38F9FB00A8F4C7 /* Base */,
			);
			name = LaunchScreen.storyboard;
			sourceTree = "<group>";
		};
/* End PBXVariantGroup section */

/* Begin XCBuildConfiguration section */
		8448ECDA2C38F9FB00A8F4C7 /* Debug */ = {
			isa = XCBuildConfiguration;
			buildSettings = {
				ALWAYS_SEARCH_USER_PATHS = NO;
				ASSETCATALOG_COMPILER_GENERATE_SWIFT_ASSET_SYMBOL_EXTENSIONS = YES;
				CLANG_ANALYZER_NONNULL = YES;
				CLANG_ANALYZER_NUMBER_OBJECT_CONVERSION = YES_AGGRESSIVE;
				CLANG_CXX_LANGUAGE_STANDARD = "gnu++20";
				CLANG_ENABLE_MODULES = YES;
				CLANG_ENABLE_OBJC_ARC = YES;
				CLANG_ENABLE_OBJC_WEAK = YES;
				CLANG_WARN_BLOCK_CAPTURE_AUTORELEASING = YES;
				CLANG_WARN_BOOL_CONVERSION = YES;
				CLANG_WARN_COMMA = YES;
				CLANG_WARN_CONSTANT_CONVERSION = YES;
				CLANG_WARN_DEPRECATED_OBJC_IMPLEMENTATIONS = YES;
				CLANG_WARN_DIRECT_OBJC_ISA_USAGE = YES_ERROR;
				CLANG_WARN_DOCUMENTATION_COMMENTS = YES;
				CLANG_WARN_EMPTY_BODY = YES;
				CLANG_WARN_ENUM_CONVERSION = YES;
				CLANG_WARN_INFINITE_RECURSION = YES;
				CLANG_WARN_INT_CONVERSION = YES;
				CLANG_WARN_NON_LITERAL_NULL_CONVERSION = YES;
				CLANG_WARN_OBJC_IMPLICIT_RETAIN_SELF = YES;
				CLANG_WARN_OBJC_LITERAL_CONVERSION = YES;
				CLANG_WARN_OBJC_ROOT_CLASS = YES_ERROR;
				CLANG_WARN_QUOTED_INCLUDE_IN_FRAMEWORK_HEADER = YES;
				CLANG_WARN_RANGE_LOOP_ANALYSIS = YES;
				CLANG_WARN_STRICT_PROTOTYPES = YES;
				CLANG_WARN_SUSPICIOUS_MOVE = YES;
				CLANG_WARN_UNGUARDED_AVAILABILITY = YES_AGGRESSIVE;
				CLANG_WARN_UNREACHABLE_CODE = YES;
				CLANG_WARN__DUPLICATE_METHOD_MATCH = YES;
				COPY_PHASE_STRIP = NO;
				DEBUG_INFORMATION_FORMAT = dwarf;
				ENABLE_STRICT_OBJC_MSGSEND = YES;
				ENABLE_TESTABILITY = YES;
				ENABLE_USER_SCRIPT_SANDBOXING = YES;
				GCC_C_LANGUAGE_STANDARD = gnu17;
				GCC_DYNAMIC_NO_PIC = NO;
				GCC_NO_COMMON_BLOCKS = YES;
				GCC_OPTIMIZATION_LEVEL = 0;
				GCC_PREPROCESSOR_DEFINITIONS = (
					"DEBUG=1",
					"$(inherited)",
				);
				GCC_WARN_64_TO_32_BIT_CONVERSION = YES;
				GCC_WARN_ABOUT_RETURN_TYPE = YES_ERROR;
				GCC_WARN_UNDECLARED_SELECTOR = YES;
				GCC_WARN_UNINITIALIZED_AUTOS = YES_AGGRESSIVE;
				GCC_WARN_UNUSED_FUNCTION = YES;
				GCC_WARN_UNUSED_VARIABLE = YES;
				IPHONEOS_DEPLOYMENT_TARGET = 12.0;
				LOCALIZATION_PREFERS_STRING_CATALOGS = YES;
				MTL_ENABLE_DEBUG_INFO = INCLUDE_SOURCE;
				MTL_FAST_MATH = YES;
				ONLY_ACTIVE_ARCH = YES;
				SDKROOT = iphoneos;
				SWIFT_ACTIVE_COMPILATION_CONDITIONS = "DEBUG $(inherited)";
				SWIFT_OPTIMIZATION_LEVEL = "-Onone";
			};
			name = Debug;
		};
		8448ECDB2C38F9FB00A8F4C7 /* Release */ = {
			isa = XCBuildConfiguration;
			buildSettings = {
				ALWAYS_SEARCH_USER_PATHS = NO;
				ASSETCATALOG_COMPILER_GENERATE_SWIFT_ASSET_SYMBOL_EXTENSIONS = YES;
				CLANG_ANALYZER_NONNULL = YES;
				CLANG_ANALYZER_NUMBER_OBJECT_CONVERSION = YES_AGGRESSIVE;
				CLANG_CXX_LANGUAGE_STANDARD = "gnu++20";
				CLANG_ENABLE_MODULES = YES;
				CLANG_ENABLE_OBJC_ARC = YES;
				CLANG_ENABLE_OBJC_WEAK = YES;
				CLANG_WARN_BLOCK_CAPTURE_AUTORELEASING = YES;
				CLANG_WARN_BOOL_CONVERSION = YES;
				CLANG_WARN_COMMA = YES;
				CLANG_WARN_CONSTANT_CONVERSION = YES;
				CLANG_WARN_DEPRECATED_OBJC_IMPLEMENTATIONS = YES;
				CLANG_WARN_DIRECT_OBJC_ISA_USAGE = YES_ERROR;
				CLANG_WARN_DOCUMENTATION_COMMENTS = YES;
				CLANG_WARN_EMPTY_BODY = YES;
				CLANG_WARN_ENUM_CONVERSION = YES;
				CLANG_WARN_INFINITE_RECURSION = YES;
				CLANG_WARN_INT_CONVERSION = YES;
				CLANG_WARN_NON_LITERAL_NULL_CONVERSION = YES;
				CLANG_WARN_OBJC_IMPLICIT_RETAIN_SELF = YES;
				CLANG_WARN_OBJC_LITERAL_CONVERSION = YES;
				CLANG_WARN_OBJC_ROOT_CLASS = YES_ERROR;
				CLANG_WARN_QUOTED_INCLUDE_IN_FRAMEWORK_HEADER = YES;
				CLANG_WARN_RANGE_LOOP_ANALYSIS = YES;
				CLANG_WARN_STRICT_PROTOTYPES = YES;
				CLANG_WARN_SUSPICIOUS_MOVE = YES;
				CLANG_WARN_UNGUARDED_AVAILABILITY = YES_AGGRESSIVE;
				CLANG_WARN_UNREACHABLE_CODE = YES;
				CLANG_WARN__DUPLICATE_METHOD_MATCH = YES;
				COPY_PHASE_STRIP = NO;
				DEBUG_INFORMATION_FORMAT = "dwarf-with-dsym";
				ENABLE_NS_ASSERTIONS = NO;
				ENABLE_STRICT_OBJC_MSGSEND = YES;
				ENABLE_USER_SCRIPT_SANDBOXING = YES;
				GCC_C_LANGUAGE_STANDARD = gnu17;
				GCC_NO_COMMON_BLOCKS = YES;
				GCC_WARN_64_TO_32_BIT_CONVERSION = YES;
				GCC_WARN_ABOUT_RETURN_TYPE = YES_ERROR;
				GCC_WARN_UNDECLARED_SELECTOR = YES;
				GCC_WARN_UNINITIALIZED_AUTOS = YES_AGGRESSIVE;
				GCC_WARN_UNUSED_FUNCTION = YES;
				GCC_WARN_UNUSED_VARIABLE = YES;
				IPHONEOS_DEPLOYMENT_TARGET = 12.0;
				LOCALIZATION_PREFERS_STRING_CATALOGS = YES;
				MTL_ENABLE_DEBUG_INFO = NO;
				MTL_FAST_MATH = YES;
				SDKROOT = iphoneos;
				SWIFT_COMPILATION_MODE = wholemodule;
				VALIDATE_PRODUCT = YES;
			};
			name = Release;
		};
		8448ECDD2C38F9FB00A8F4C7 /* Debug */ = {
			isa = XCBuildConfiguration;
			buildSettings = {
				ASSETCATALOG_COMPILER_APPICON_NAME = AppIcon;
				ASSETCATALOG_COMPILER_GLOBAL_ACCENT_COLOR_NAME = AccentColor;
				CODE_SIGN_STYLE = Automatic;
				CURRENT_PROJECT_VERSION = 1;
				GENERATE_INFOPLIST_FILE = YES;
				INFOPLIST_FILE = VnPay_Challenge/Info.plist;
				INFOPLIST_KEY_UIApplicationSupportsIndirectInputEvents = YES;
				INFOPLIST_KEY_UILaunchStoryboardName = LaunchScreen;
				INFOPLIST_KEY_UIMainStoryboardFile = Main;
				INFOPLIST_KEY_UISupportedInterfaceOrientations_iPad = "UIInterfaceOrientationPortrait UIInterfaceOrientationPortraitUpsideDown UIInterfaceOrientationLandscapeLeft UIInterfaceOrientationLandscapeRight";
				INFOPLIST_KEY_UISupportedInterfaceOrientations_iPhone = "UIInterfaceOrientationPortrait UIInterfaceOrientationLandscapeLeft UIInterfaceOrientationLandscapeRight";
				LD_RUNPATH_SEARCH_PATHS = (
					"$(inherited)",
					"@executable_path/Frameworks",
				);
				MARKETING_VERSION = 1.0;
				PRODUCT_BUNDLE_IDENTIFIER = "VnPay.VnPay-Challenge";
				PRODUCT_NAME = "$(TARGET_NAME)";
				SWIFT_EMIT_LOC_STRINGS = YES;
				SWIFT_VERSION = 5.0;
				TARGETED_DEVICE_FAMILY = "1,2";
			};
			name = Debug;
		};
		8448ECDE2C38F9FB00A8F4C7 /* Release */ = {
			isa = XCBuildConfiguration;
			buildSettings = {
				ASSETCATALOG_COMPILER_APPICON_NAME = AppIcon;
				ASSETCATALOG_COMPILER_GLOBAL_ACCENT_COLOR_NAME = AccentColor;
				CODE_SIGN_STYLE = Automatic;
				CURRENT_PROJECT_VERSION = 1;
				GENERATE_INFOPLIST_FILE = YES;
				INFOPLIST_FILE = VnPay_Challenge/Info.plist;
				INFOPLIST_KEY_UIApplicationSupportsIndirectInputEvents = YES;
				INFOPLIST_KEY_UILaunchStoryboardName = LaunchScreen;
				INFOPLIST_KEY_UIMainStoryboardFile = Main;
				INFOPLIST_KEY_UISupportedInterfaceOrientations_iPad = "UIInterfaceOrientationPortrait UIInterfaceOrientationPortraitUpsideDown UIInterfaceOrientationLandscapeLeft UIInterfaceOrientationLandscapeRight";
				INFOPLIST_KEY_UISupportedInterfaceOrientations_iPhone = "UIInterfaceOrientationPortrait UIInterfaceOrientationLandscapeLeft UIInterfaceOrientationLandscapeRight";
				LD_RUNPATH_SEARCH_PATHS = (
					"$(inherited)",
					"@executable_path/Frameworks",
				);
				MARKETING_VERSION = 1.0;
				PRODUCT_BUNDLE_IDENTIFIER = "VnPay.VnPay-Challenge";
				PRODUCT_NAME = "$(TARGET_NAME)";
				SWIFT_EMIT_LOC_STRINGS = YES;
				SWIFT_VERSION = 5.0;
				TARGETED_DEVICE_FAMILY = "1,2";
			};
			name = Release;
		};
		8448ECE02C38F9FB00A8F4C7 /* Debug */ = {
			isa = XCBuildConfiguration;
			buildSettings = {
				ALWAYS_EMBED_SWIFT_STANDARD_LIBRARIES = YES;
				BUNDLE_LOADER = "$(TEST_HOST)";
				CODE_SIGN_STYLE = Automatic;
				CURRENT_PROJECT_VERSION = 1;
				GENERATE_INFOPLIST_FILE = YES;
				IPHONEOS_DEPLOYMENT_TARGET = 17.5;
				MARKETING_VERSION = 1.0;
				PRODUCT_BUNDLE_IDENTIFIER = "VnPay.VnPay-ChallengeTests";
				PRODUCT_NAME = "$(TARGET_NAME)";
				SWIFT_EMIT_LOC_STRINGS = NO;
				SWIFT_VERSION = 5.0;
				TARGETED_DEVICE_FAMILY = "1,2";
				TEST_HOST = "$(BUILT_PRODUCTS_DIR)/VnPay_Challenge.app/$(BUNDLE_EXECUTABLE_FOLDER_PATH)/VnPay_Challenge";
			};
			name = Debug;
		};
		8448ECE12C38F9FB00A8F4C7 /* Release */ = {
			isa = XCBuildConfiguration;
			buildSettings = {
				ALWAYS_EMBED_SWIFT_STANDARD_LIBRARIES = YES;
				BUNDLE_LOADER = "$(TEST_HOST)";
				CODE_SIGN_STYLE = Automatic;
				CURRENT_PROJECT_VERSION = 1;
				GENERATE_INFOPLIST_FILE = YES;
				IPHONEOS_DEPLOYMENT_TARGET = 17.5;
				MARKETING_VERSION = 1.0;
				PRODUCT_BUNDLE_IDENTIFIER = "VnPay.VnPay-ChallengeTests";
				PRODUCT_NAME = "$(TARGET_NAME)";
				SWIFT_EMIT_LOC_STRINGS = NO;
				SWIFT_VERSION = 5.0;
				TARGETED_DEVICE_FAMILY = "1,2";
				TEST_HOST = "$(BUILT_PRODUCTS_DIR)/VnPay_Challenge.app/$(BUNDLE_EXECUTABLE_FOLDER_PATH)/VnPay_Challenge";
			};
			name = Release;
		};
		8448ECE32C38F9FB00A8F4C7 /* Debug */ = {
			isa = XCBuildConfiguration;
			buildSettings = {
				ALWAYS_EMBED_SWIFT_STANDARD_LIBRARIES = YES;
				CODE_SIGN_STYLE = Automatic;
				CURRENT_PROJECT_VERSION = 1;
				GENERATE_INFOPLIST_FILE = YES;
				MARKETING_VERSION = 1.0;
				PRODUCT_BUNDLE_IDENTIFIER = "VnPay.VnPay-ChallengeUITests";
				PRODUCT_NAME = "$(TARGET_NAME)";
				SWIFT_EMIT_LOC_STRINGS = NO;
				SWIFT_VERSION = 5.0;
				TARGETED_DEVICE_FAMILY = "1,2";
				TEST_TARGET_NAME = VnPay_Challenge;
			};
			name = Debug;
		};
		8448ECE42C38F9FB00A8F4C7 /* Release */ = {
			isa = XCBuildConfiguration;
			buildSettings = {
				ALWAYS_EMBED_SWIFT_STANDARD_LIBRARIES = YES;
				CODE_SIGN_STYLE = Automatic;
				CURRENT_PROJECT_VERSION = 1;
				GENERATE_INFOPLIST_FILE = YES;
				MARKETING_VERSION = 1.0;
				PRODUCT_BUNDLE_IDENTIFIER = "VnPay.VnPay-ChallengeUITests";
				PRODUCT_NAME = "$(TARGET_NAME)";
				SWIFT_EMIT_LOC_STRINGS = NO;
				SWIFT_VERSION = 5.0;
				TARGETED_DEVICE_FAMILY = "1,2";
				TEST_TARGET_NAME = VnPay_Challenge;
			};
			name = Release;
		};
/* End XCBuildConfiguration section */

/* Begin XCConfigurationList section */
		8448ECAD2C38F9F900A8F4C7 /* Build configuration list for PBXProject "VnPay_Challenge" */ = {
			isa = XCConfigurationList;
			buildConfigurations = (
				8448ECDA2C38F9FB00A8F4C7 /* Debug */,
				8448ECDB2C38F9FB00A8F4C7 /* Release */,
			);
			defaultConfigurationIsVisible = 0;
			defaultConfigurationName = Release;
		};
		8448ECDC2C38F9FB00A8F4C7 /* Build configuration list for PBXNativeTarget "VnPay_Challenge" */ = {
			isa = XCConfigurationList;
			buildConfigurations = (
				8448ECDD2C38F9FB00A8F4C7 /* Debug */,
				8448ECDE2C38F9FB00A8F4C7 /* Release */,
			);
			defaultConfigurationIsVisible = 0;
			defaultConfigurationName = Release;
		};
		8448ECDF2C38F9FB00A8F4C7 /* Build configuration list for PBXNativeTarget "VnPay_ChallengeTests" */ = {
			isa = XCConfigurationList;
			buildConfigurations = (
				8448ECE02C38F9FB00A8F4C7 /* Debug */,
				8448ECE12C38F9FB00A8F4C7 /* Release */,
			);
			defaultConfigurationIsVisible = 0;
			defaultConfigurationName = Release;
		};
		8448ECE22C38F9FB00A8F4C7 /* Build configuration list for PBXNativeTarget "VnPay_ChallengeUITests" */ = {
			isa = XCConfigurationList;
			buildConfigurations = (
				8448ECE32C38F9FB00A8F4C7 /* Debug */,
				8448ECE42C38F9FB00A8F4C7 /* Release */,
			);
			defaultConfigurationIsVisible = 0;
			defaultConfigurationName = Release;
		};
/* End XCConfigurationList section */
	};
	rootObject = 8448ECAA2C38F9F900A8F4C7 /* Project object */;
}
